// !$*UTF8*$!
{
	archiveVersion = 1;
	classes = {
	};
	objectVersion = 46;
	objects = {

/* Begin PBXBuildFile section */
		2D9B54269700A8D44C03013D /* libPods.a in Frameworks */ = {isa = PBXBuildFile; fileRef = 6B47FD9F4DFE44CE8D46563B /* libPods.a */; };
		404A90F01ABD44EC007E2932 /* DropViewController.xib in Resources */ = {isa = PBXBuildFile; fileRef = 404A90EE1ABD44EC007E2932 /* DropViewController.xib */; };
		9D0D82E31ABD19EA009DC6DC /* WebModel.m in Sources */ = {isa = PBXBuildFile; fileRef = 9D0D82E21ABD19EA009DC6DC /* WebModel.m */; };
		9D0D82E91ABD2275009DC6DC /* p1910907404.jpg in Resources */ = {isa = PBXBuildFile; fileRef = 9D0D82E81ABD2275009DC6DC /* p1910907404.jpg */; };
		9D7A1C491ABDD8C60013E4CE /* ContentView.m in Sources */ = {isa = PBXBuildFile; fileRef = 9D7A1C481ABDD8C60013E4CE /* ContentView.m */; };
		9D8C5CE71ABB3A4500B10FD5 /* MainViewController.m in Sources */ = {isa = PBXBuildFile; fileRef = 9D8C5CE51ABB3A4500B10FD5 /* MainViewController.m */; };
		9D8C5CE81ABB3A4500B10FD5 /* MainViewController.xib in Resources */ = {isa = PBXBuildFile; fileRef = 9D8C5CE61ABB3A4500B10FD5 /* MainViewController.xib */; };
		9DA1C3421ABD0DC800FAC1DC /* DismissingAnimator.m in Sources */ = {isa = PBXBuildFile; fileRef = 9DA1C33F1ABD0DC800FAC1DC /* DismissingAnimator.m */; };
		9DA1C3431ABD0DC800FAC1DC /* PresentingAnimator.m in Sources */ = {isa = PBXBuildFile; fileRef = 9DA1C3411ABD0DC800FAC1DC /* PresentingAnimator.m */; };
		9DA1C3461ABD0DE500FAC1DC /* UIColor+CustomColors.m in Sources */ = {isa = PBXBuildFile; fileRef = 9DA1C3451ABD0DE500FAC1DC /* UIColor+CustomColors.m */; };
		9DB3298D1ABDA27C00B70179 /* DropViewController.m in Sources */ = {isa = PBXBuildFile; fileRef = 9DB3298C1ABDA27C00B70179 /* DropViewController.m */; };
		9DB3298F1ABDA39E00B70179 /* QTUW88Z~7$2H$3L08TB5VYN.jpg in Resources */ = {isa = PBXBuildFile; fileRef = 9DB3298E1ABDA39E00B70179 /* QTUW88Z~7$2H$3L08TB5VYN.jpg */; };
		9DB698611ABB38A9009C3283 /* main.m in Sources */ = {isa = PBXBuildFile; fileRef = 9DB698601ABB38A9009C3283 /* main.m */; };
		9DB698641ABB38A9009C3283 /* AppDelegate.m in Sources */ = {isa = PBXBuildFile; fileRef = 9DB698631ABB38A9009C3283 /* AppDelegate.m */; };
		9DB6986C1ABB38A9009C3283 /* Images.xcassets in Resources */ = {isa = PBXBuildFile; fileRef = 9DB6986B1ABB38A9009C3283 /* Images.xcassets */; };
		9DB6986F1ABB38A9009C3283 /* LaunchScreen.xib in Resources */ = {isa = PBXBuildFile; fileRef = 9DB6986D1ABB38A9009C3283 /* LaunchScreen.xib */; };
		9DB6987B1ABB38A9009C3283 /* OneMovieTests.m in Sources */ = {isa = PBXBuildFile; fileRef = 9DB6987A1ABB38A9009C3283 /* OneMovieTests.m */; };
		9DD6657A1ABD62BA008E7125 /* 透明.png in Resources */ = {isa = PBXBuildFile; fileRef = 9DD665791ABD62BA008E7125 /* 透明.png */; };
		9DFD426F1ABC7F6100448029 /* MovieID.plist in Resources */ = {isa = PBXBuildFile; fileRef = 9DFD426E1ABC7F6100448029 /* MovieID.plist */; };
/* End PBXBuildFile section */

/* Begin PBXContainerItemProxy section */
		9DB698751ABB38A9009C3283 /* PBXContainerItemProxy */ = {
			isa = PBXContainerItemProxy;
			containerPortal = 9DB698531ABB38A9009C3283 /* Project object */;
			proxyType = 1;
			remoteGlobalIDString = 9DB6985A1ABB38A9009C3283;
			remoteInfo = OneMovie;
		};
/* End PBXContainerItemProxy section */

/* Begin PBXFileReference section */
		404A90EC1ABD44EC007E2932 /* DropViewController.h */ = {isa = PBXFileReference; fileEncoding = 4; lastKnownFileType = sourcecode.c.h; path = DropViewController.h; sourceTree = "<group>"; };
		404A90EE1ABD44EC007E2932 /* DropViewController.xib */ = {isa = PBXFileReference; fileEncoding = 4; lastKnownFileType = file.xib; path = DropViewController.xib; sourceTree = "<group>"; };
		6B47FD9F4DFE44CE8D46563B /* libPods.a */ = {isa = PBXFileReference; explicitFileType = archive.ar; includeInIndex = 0; path = libPods.a; sourceTree = BUILT_PRODUCTS_DIR; };
		6E17B7A7533FA3D6E6C326CE /* Pods.debug.xcconfig */ = {isa = PBXFileReference; includeInIndex = 1; lastKnownFileType = text.xcconfig; name = Pods.debug.xcconfig; path = "Pods/Target Support Files/Pods/Pods.debug.xcconfig"; sourceTree = "<group>"; };
		9D0D82E11ABD19EA009DC6DC /* WebModel.h */ = {isa = PBXFileReference; fileEncoding = 4; lastKnownFileType = sourcecode.c.h; path = WebModel.h; sourceTree = "<group>"; };
		9D0D82E21ABD19EA009DC6DC /* WebModel.m */ = {isa = PBXFileReference; fileEncoding = 4; lastKnownFileType = sourcecode.c.objc; path = WebModel.m; sourceTree = "<group>"; };
		9D0D82E81ABD2275009DC6DC /* p1910907404.jpg */ = {isa = PBXFileReference; lastKnownFileType = image.jpeg; path = p1910907404.jpg; sourceTree = "<group>"; };
		9D7A1C471ABDD8C60013E4CE /* ContentView.h */ = {isa = PBXFileReference; fileEncoding = 4; lastKnownFileType = sourcecode.c.h; path = ContentView.h; sourceTree = "<group>"; };
		9D7A1C481ABDD8C60013E4CE /* ContentView.m */ = {isa = PBXFileReference; fileEncoding = 4; lastKnownFileType = sourcecode.c.objc; path = ContentView.m; sourceTree = "<group>"; };
		9D8C5CE41ABB3A4500B10FD5 /* MainViewController.h */ = {isa = PBXFileReference; fileEncoding = 4; lastKnownFileType = sourcecode.c.h; path = MainViewController.h; sourceTree = "<group>"; };
		9D8C5CE51ABB3A4500B10FD5 /* MainViewController.m */ = {isa = PBXFileReference; fileEncoding = 4; lastKnownFileType = sourcecode.c.objc; path = MainViewController.m; sourceTree = "<group>"; };
		9D8C5CE61ABB3A4500B10FD5 /* MainViewController.xib */ = {isa = PBXFileReference; fileEncoding = 4; lastKnownFileType = file.xib; path = MainViewController.xib; sourceTree = "<group>"; };
		9DA1C33E1ABD0DC800FAC1DC /* DismissingAnimator.h */ = {isa = PBXFileReference; fileEncoding = 4; lastKnownFileType = sourcecode.c.h; path = DismissingAnimator.h; sourceTree = "<group>"; };
		9DA1C33F1ABD0DC800FAC1DC /* DismissingAnimator.m */ = {isa = PBXFileReference; fileEncoding = 4; lastKnownFileType = sourcecode.c.objc; path = DismissingAnimator.m; sourceTree = "<group>"; };
		9DA1C3401ABD0DC800FAC1DC /* PresentingAnimator.h */ = {isa = PBXFileReference; fileEncoding = 4; lastKnownFileType = sourcecode.c.h; path = PresentingAnimator.h; sourceTree = "<group>"; };
		9DA1C3411ABD0DC800FAC1DC /* PresentingAnimator.m */ = {isa = PBXFileReference; fileEncoding = 4; lastKnownFileType = sourcecode.c.objc; path = PresentingAnimator.m; sourceTree = "<group>"; };
		9DA1C3441ABD0DE500FAC1DC /* UIColor+CustomColors.h */ = {isa = PBXFileReference; fileEncoding = 4; lastKnownFileType = sourcecode.c.h; path = "UIColor+CustomColors.h"; sourceTree = "<group>"; };
		9DA1C3451ABD0DE500FAC1DC /* UIColor+CustomColors.m */ = {isa = PBXFileReference; fileEncoding = 4; lastKnownFileType = sourcecode.c.objc; path = "UIColor+CustomColors.m"; sourceTree = "<group>"; };
		9DB3298C1ABDA27C00B70179 /* DropViewController.m */ = {isa = PBXFileReference; fileEncoding = 4; lastKnownFileType = sourcecode.c.objc; path = DropViewController.m; sourceTree = "<group>"; };
		9DB3298E1ABDA39E00B70179 /* QTUW88Z~7$2H$3L08TB5VYN.jpg */ = {isa = PBXFileReference; lastKnownFileType = image.jpeg; path = "QTUW88Z~7$2H$3L08TB5VYN.jpg"; sourceTree = "<group>"; };
		9DB6985B1ABB38A9009C3283 /* OneMovie.app */ = {isa = PBXFileReference; explicitFileType = wrapper.application; includeInIndex = 0; path = OneMovie.app; sourceTree = BUILT_PRODUCTS_DIR; };
		9DB6985F1ABB38A9009C3283 /* Info.plist */ = {isa = PBXFileReference; lastKnownFileType = text.plist.xml; path = Info.plist; sourceTree = "<group>"; };
		9DB698601ABB38A9009C3283 /* main.m */ = {isa = PBXFileReference; lastKnownFileType = sourcecode.c.objc; path = main.m; sourceTree = "<group>"; };
		9DB698621ABB38A9009C3283 /* AppDelegate.h */ = {isa = PBXFileReference; lastKnownFileType = sourcecode.c.h; path = AppDelegate.h; sourceTree = "<group>"; };
		9DB698631ABB38A9009C3283 /* AppDelegate.m */ = {isa = PBXFileReference; lastKnownFileType = sourcecode.c.objc; path = AppDelegate.m; sourceTree = "<group>"; };
		9DB6986B1ABB38A9009C3283 /* Images.xcassets */ = {isa = PBXFileReference; lastKnownFileType = folder.assetcatalog; path = Images.xcassets; sourceTree = "<group>"; };
		9DB6986E1ABB38A9009C3283 /* Base */ = {isa = PBXFileReference; lastKnownFileType = file.xib; name = Base; path = Base.lproj/LaunchScreen.xib; sourceTree = "<group>"; };
		9DB698741ABB38A9009C3283 /* OneMovieTests.xctest */ = {isa = PBXFileReference; explicitFileType = wrapper.cfbundle; includeInIndex = 0; path = OneMovieTests.xctest; sourceTree = BUILT_PRODUCTS_DIR; };
		9DB698791ABB38A9009C3283 /* Info.plist */ = {isa = PBXFileReference; lastKnownFileType = text.plist.xml; path = Info.plist; sourceTree = "<group>"; };
		9DB6987A1ABB38A9009C3283 /* OneMovieTests.m */ = {isa = PBXFileReference; lastKnownFileType = sourcecode.c.objc; path = OneMovieTests.m; sourceTree = "<group>"; };
		9DD665791ABD62BA008E7125 /* 透明.png */ = {isa = PBXFileReference; lastKnownFileType = image.png; path = "透明.png"; sourceTree = "<group>"; };
		9DFD426E1ABC7F6100448029 /* MovieID.plist */ = {isa = PBXFileReference; fileEncoding = 4; lastKnownFileType = text.plist.xml; path = MovieID.plist; sourceTree = "<group>"; };
		DC26DA788150665D3AB319B6 /* Pods.release.xcconfig */ = {isa = PBXFileReference; includeInIndex = 1; lastKnownFileType = text.xcconfig; name = Pods.release.xcconfig; path = "Pods/Target Support Files/Pods/Pods.release.xcconfig"; sourceTree = "<group>"; };
/* End PBXFileReference section */

/* Begin PBXFrameworksBuildPhase section */
		9DB698581ABB38A9009C3283 /* Frameworks */ = {
			isa = PBXFrameworksBuildPhase;
			buildActionMask = 2147483647;
			files = (
				2D9B54269700A8D44C03013D /* libPods.a in Frameworks */,
			);
			runOnlyForDeploymentPostprocessing = 0;
		};
		9DB698711ABB38A9009C3283 /* Frameworks */ = {
			isa = PBXFrameworksBuildPhase;
			buildActionMask = 2147483647;
			files = (
			);
			runOnlyForDeploymentPostprocessing = 0;
		};
/* End PBXFrameworksBuildPhase section */

/* Begin PBXGroup section */
		6505267B5A5AC7500C741DC6 /* Pods */ = {
			isa = PBXGroup;
			children = (
				6E17B7A7533FA3D6E6C326CE /* Pods.debug.xcconfig */,
				DC26DA788150665D3AB319B6 /* Pods.release.xcconfig */,
			);
			name = Pods;
			sourceTree = "<group>";
		};
		705330C2A2244DB5F583CA54 /* Frameworks */ = {
			isa = PBXGroup;
			children = (
				6B47FD9F4DFE44CE8D46563B /* libPods.a */,
			);
			name = Frameworks;
			sourceTree = "<group>";
		};
		9D0D82DE1ABD19AD009DC6DC /* Controllers */ = {
			isa = PBXGroup;
			children = (
				9D8C5CE41ABB3A4500B10FD5 /* MainViewController.h */,
				9D8C5CE51ABB3A4500B10FD5 /* MainViewController.m */,
				404A90EC1ABD44EC007E2932 /* DropViewController.h */,
				9DB3298C1ABDA27C00B70179 /* DropViewController.m */,
			);
			name = Controllers;
			sourceTree = "<group>";
		};
		9D0D82DF1ABD19B6009DC6DC /* Models */ = {
			isa = PBXGroup;
			children = (
				9D0D82E11ABD19EA009DC6DC /* WebModel.h */,
				9D0D82E21ABD19EA009DC6DC /* WebModel.m */,
			);
			name = Models;
			sourceTree = "<group>";
		};
		9D65584A1ABD377E009A3DD8 /* Views */ = {
			isa = PBXGroup;
			children = (
				9D8C5CE61ABB3A4500B10FD5 /* MainViewController.xib */,
				404A90EE1ABD44EC007E2932 /* DropViewController.xib */,
				9D7A1C471ABDD8C60013E4CE /* ContentView.h */,
				9D7A1C481ABDD8C60013E4CE /* ContentView.m */,
				9D7BCA591ABD4B140027A2F8 /* PresentAnimation */,
			);
			name = Views;
			sourceTree = "<group>";
		};
		9D7BCA591ABD4B140027A2F8 /* PresentAnimation */ = {
			isa = PBXGroup;
			children = (
				9DA1C33E1ABD0DC800FAC1DC /* DismissingAnimator.h */,
				9DA1C33F1ABD0DC800FAC1DC /* DismissingAnimator.m */,
				9DA1C3401ABD0DC800FAC1DC /* PresentingAnimator.h */,
				9DA1C3411ABD0DC800FAC1DC /* PresentingAnimator.m */,
				9DA1C3441ABD0DE500FAC1DC /* UIColor+CustomColors.h */,
				9DA1C3451ABD0DE500FAC1DC /* UIColor+CustomColors.m */,
			);
			name = PresentAnimation;
			sourceTree = "<group>";
		};
		9DB698521ABB38A9009C3283 = {
			isa = PBXGroup;
			children = (
				9DB6985D1ABB38A9009C3283 /* OneMovie */,
				9DB698771ABB38A9009C3283 /* OneMovieTests */,
				9DB6985C1ABB38A9009C3283 /* Products */,
				6505267B5A5AC7500C741DC6 /* Pods */,
				705330C2A2244DB5F583CA54 /* Frameworks */,
			);
			sourceTree = "<group>";
		};
		9DB6985C1ABB38A9009C3283 /* Products */ = {
			isa = PBXGroup;
			children = (
				9DB6985B1ABB38A9009C3283 /* OneMovie.app */,
				9DB698741ABB38A9009C3283 /* OneMovieTests.xctest */,
			);
			name = Products;
			sourceTree = "<group>";
		};
		9DB6985D1ABB38A9009C3283 /* OneMovie */ = {
			isa = PBXGroup;
			children = (
				9DB698621ABB38A9009C3283 /* AppDelegate.h */,
				9DB698631ABB38A9009C3283 /* AppDelegate.m */,
				9D65584A1ABD377E009A3DD8 /* Views */,
				9D0D82DF1ABD19B6009DC6DC /* Models */,
				9D0D82DE1ABD19AD009DC6DC /* Controllers */,
				9DB6986B1ABB38A9009C3283 /* Images.xcassets */,
				9DB6986D1ABB38A9009C3283 /* LaunchScreen.xib */,
				9DB6985E1ABB38A9009C3283 /* Supporting Files */,
			);
			path = OneMovie;
			sourceTree = "<group>";
		};
		9DB6985E1ABB38A9009C3283 /* Supporting Files */ = {
			isa = PBXGroup;
			children = (
				9DB3298E1ABDA39E00B70179 /* QTUW88Z~7$2H$3L08TB5VYN.jpg */,
				9DD665791ABD62BA008E7125 /* 透明.png */,
				9D0D82E81ABD2275009DC6DC /* p1910907404.jpg */,
				9DFD426E1ABC7F6100448029 /* MovieID.plist */,
				9DB6985F1ABB38A9009C3283 /* Info.plist */,
				9DB698601ABB38A9009C3283 /* main.m */,
			);
			name = "Supporting Files";
			sourceTree = "<group>";
		};
		9DB698771ABB38A9009C3283 /* OneMovieTests */ = {
			isa = PBXGroup;
			children = (
				9DB6987A1ABB38A9009C3283 /* OneMovieTests.m */,
				9DB698781ABB38A9009C3283 /* Supporting Files */,
			);
			path = OneMovieTests;
			sourceTree = "<group>";
		};
		9DB698781ABB38A9009C3283 /* Supporting Files */ = {
			isa = PBXGroup;
			children = (
				9DB698791ABB38A9009C3283 /* Info.plist */,
			);
			name = "Supporting Files";
			sourceTree = "<group>";
		};
/* End PBXGroup section */

/* Begin PBXNativeTarget section */
		9DB6985A1ABB38A9009C3283 /* OneMovie */ = {
			isa = PBXNativeTarget;
			buildConfigurationList = 9DB6987E1ABB38A9009C3283 /* Build configuration list for PBXNativeTarget "OneMovie" */;
			buildPhases = (
				3A329E7C3736C5D77FEA5039 /* Check Pods Manifest.lock */,
				9DB698571ABB38A9009C3283 /* Sources */,
				9DB698581ABB38A9009C3283 /* Frameworks */,
				9DB698591ABB38A9009C3283 /* Resources */,
				D09C4E59371CC6439DD0C945 /* Copy Pods Resources */,
			);
			buildRules = (
			);
			dependencies = (
			);
			name = OneMovie;
			productName = OneMovie;
			productReference = 9DB6985B1ABB38A9009C3283 /* OneMovie.app */;
			productType = "com.apple.product-type.application";
		};
		9DB698731ABB38A9009C3283 /* OneMovieTests */ = {
			isa = PBXNativeTarget;
			buildConfigurationList = 9DB698811ABB38A9009C3283 /* Build configuration list for PBXNativeTarget "OneMovieTests" */;
			buildPhases = (
				9DB698701ABB38A9009C3283 /* Sources */,
				9DB698711ABB38A9009C3283 /* Frameworks */,
				9DB698721ABB38A9009C3283 /* Resources */,
			);
			buildRules = (
			);
			dependencies = (
				9DB698761ABB38A9009C3283 /* PBXTargetDependency */,
			);
			name = OneMovieTests;
			productName = OneMovieTests;
			productReference = 9DB698741ABB38A9009C3283 /* OneMovieTests.xctest */;
			productType = "com.apple.product-type.bundle.unit-test";
		};
/* End PBXNativeTarget section */

/* Begin PBXProject section */
		9DB698531ABB38A9009C3283 /* Project object */ = {
			isa = PBXProject;
			attributes = {
				LastUpgradeCheck = 0610;
				ORGANIZATIONNAME = "李超";
				TargetAttributes = {
					9DB6985A1ABB38A9009C3283 = {
						CreatedOnToolsVersion = 6.1.1;
					};
					9DB698731ABB38A9009C3283 = {
						CreatedOnToolsVersion = 6.1.1;
						TestTargetID = 9DB6985A1ABB38A9009C3283;
					};
				};
			};
			buildConfigurationList = 9DB698561ABB38A9009C3283 /* Build configuration list for PBXProject "OneMovie" */;
			compatibilityVersion = "Xcode 3.2";
			developmentRegion = English;
			hasScannedForEncodings = 0;
			knownRegions = (
				en,
				Base,
			);
			mainGroup = 9DB698521ABB38A9009C3283;
			productRefGroup = 9DB6985C1ABB38A9009C3283 /* Products */;
			projectDirPath = "";
			projectRoot = "";
			targets = (
				9DB6985A1ABB38A9009C3283 /* OneMovie */,
				9DB698731ABB38A9009C3283 /* OneMovieTests */,
			);
		};
/* End PBXProject section */

/* Begin PBXResourcesBuildPhase section */
		9DB698591ABB38A9009C3283 /* Resources */ = {
			isa = PBXResourcesBuildPhase;
			buildActionMask = 2147483647;
			files = (
				9DB6986F1ABB38A9009C3283 /* LaunchScreen.xib in Resources */,
				9D0D82E91ABD2275009DC6DC /* p1910907404.jpg in Resources */,
				9D8C5CE81ABB3A4500B10FD5 /* MainViewController.xib in Resources */,
				9DB3298F1ABDA39E00B70179 /* QTUW88Z~7$2H$3L08TB5VYN.jpg in Resources */,
				9DFD426F1ABC7F6100448029 /* MovieID.plist in Resources */,
				9DD6657A1ABD62BA008E7125 /* 透明.png in Resources */,
				9DB6986C1ABB38A9009C3283 /* Images.xcassets in Resources */,
				404A90F01ABD44EC007E2932 /* DropViewController.xib in Resources */,
			);
			runOnlyForDeploymentPostprocessing = 0;
		};
		9DB698721ABB38A9009C3283 /* Resources */ = {
			isa = PBXResourcesBuildPhase;
			buildActionMask = 2147483647;
			files = (
			);
			runOnlyForDeploymentPostprocessing = 0;
		};
/* End PBXResourcesBuildPhase section */

/* Begin PBXShellScriptBuildPhase section */
		3A329E7C3736C5D77FEA5039 /* Check Pods Manifest.lock */ = {
			isa = PBXShellScriptBuildPhase;
			buildActionMask = 2147483647;
			files = (
			);
			inputPaths = (
			);
			name = "Check Pods Manifest.lock";
			outputPaths = (
			);
			runOnlyForDeploymentPostprocessing = 0;
			shellPath = /bin/sh;
			shellScript = "diff \"${PODS_ROOT}/../Podfile.lock\" \"${PODS_ROOT}/Manifest.lock\" > /dev/null\nif [[ $? != 0 ]] ; then\n    cat << EOM\nerror: The sandbox is not in sync with the Podfile.lock. Run 'pod install' or update your CocoaPods installation.\nEOM\n    exit 1\nfi\n";
			showEnvVarsInLog = 0;
		};
		D09C4E59371CC6439DD0C945 /* Copy Pods Resources */ = {
			isa = PBXShellScriptBuildPhase;
			buildActionMask = 2147483647;
			files = (
			);
			inputPaths = (
			);
			name = "Copy Pods Resources";
			outputPaths = (
			);
			runOnlyForDeploymentPostprocessing = 0;
			shellPath = /bin/sh;
			shellScript = "\"${SRCROOT}/Pods/Target Support Files/Pods/Pods-resources.sh\"\n";
			showEnvVarsInLog = 0;
		};
/* End PBXShellScriptBuildPhase section */

/* Begin PBXSourcesBuildPhase section */
		9DB698571ABB38A9009C3283 /* Sources */ = {
			isa = PBXSourcesBuildPhase;
			buildActionMask = 2147483647;
			files = (
				9DA1C3461ABD0DE500FAC1DC /* UIColor+CustomColors.m in Sources */,
				9D0D82E31ABD19EA009DC6DC /* WebModel.m in Sources */,
				9D7A1C491ABDD8C60013E4CE /* ContentView.m in Sources */,
				9DA1C3421ABD0DC800FAC1DC /* DismissingAnimator.m in Sources */,
				9DB3298D1ABDA27C00B70179 /* DropViewController.m in Sources */,
				9DB698641ABB38A9009C3283 /* AppDelegate.m in Sources */,
				9DA1C3431ABD0DC800FAC1DC /* PresentingAnimator.m in Sources */,
				9D8C5CE71ABB3A4500B10FD5 /* MainViewController.m in Sources */,
				9DB698611ABB38A9009C3283 /* main.m in Sources */,
			);
			runOnlyForDeploymentPostprocessing = 0;
		};
		9DB698701ABB38A9009C3283 /* Sources */ = {
			isa = PBXSourcesBuildPhase;
			buildActionMask = 2147483647;
			files = (
				9DB6987B1ABB38A9009C3283 /* OneMovieTests.m in Sources */,
			);
			runOnlyForDeploymentPostprocessing = 0;
		};
/* End PBXSourcesBuildPhase section */

/* Begin PBXTargetDependency section */
		9DB698761ABB38A9009C3283 /* PBXTargetDependency */ = {
			isa = PBXTargetDependency;
			target = 9DB6985A1ABB38A9009C3283 /* OneMovie */;
			targetProxy = 9DB698751ABB38A9009C3283 /* PBXContainerItemProxy */;
		};
/* End PBXTargetDependency section */

/* Begin PBXVariantGroup section */
		9DB6986D1ABB38A9009C3283 /* LaunchScreen.xib */ = {
			isa = PBXVariantGroup;
			children = (
				9DB6986E1ABB38A9009C3283 /* Base */,
			);
			name = LaunchScreen.xib;
			sourceTree = "<group>";
		};
/* End PBXVariantGroup section */

/* Begin XCBuildConfiguration section */
		9DB6987C1ABB38A9009C3283 /* Debug */ = {
			isa = XCBuildConfiguration;
			buildSettings = {
				ALWAYS_SEARCH_USER_PATHS = NO;
				CLANG_CXX_LANGUAGE_STANDARD = "gnu++0x";
				CLANG_CXX_LIBRARY = "libc++";
				CLANG_ENABLE_MODULES = YES;
				CLANG_ENABLE_OBJC_ARC = YES;
				CLANG_WARN_BOOL_CONVERSION = YES;
				CLANG_WARN_CONSTANT_CONVERSION = YES;
				CLANG_WARN_DIRECT_OBJC_ISA_USAGE = YES_ERROR;
				CLANG_WARN_EMPTY_BODY = YES;
				CLANG_WARN_ENUM_CONVERSION = YES;
				CLANG_WARN_INT_CONVERSION = YES;
				CLANG_WARN_OBJC_ROOT_CLASS = YES_ERROR;
				CLANG_WARN_UNREACHABLE_CODE = YES;
				CLANG_WARN__DUPLICATE_METHOD_MATCH = YES;
				"CODE_SIGN_IDENTITY[sdk=iphoneos*]" = "iPhone Developer";
				COPY_PHASE_STRIP = NO;
				ENABLE_STRICT_OBJC_MSGSEND = YES;
				GCC_C_LANGUAGE_STANDARD = gnu99;
				GCC_DYNAMIC_NO_PIC = NO;
				GCC_OPTIMIZATION_LEVEL = 0;
				GCC_PREPROCESSOR_DEFINITIONS = (
					"DEBUG=1",
					"$(inherited)",
				);
				GCC_SYMBOLS_PRIVATE_EXTERN = NO;
				GCC_WARN_64_TO_32_BIT_CONVERSION = YES;
				GCC_WARN_ABOUT_RETURN_TYPE = YES_ERROR;
				GCC_WARN_UNDECLARED_SELECTOR = YES;
				GCC_WARN_UNINITIALIZED_AUTOS = YES_AGGRESSIVE;
				GCC_WARN_UNUSED_FUNCTION = YES;
				GCC_WARN_UNUSED_VARIABLE = YES;
				IPHONEOS_DEPLOYMENT_TARGET = 8.1;
				MTL_ENABLE_DEBUG_INFO = YES;
				ONLY_ACTIVE_ARCH = YES;
				SDKROOT = iphoneos;
				TARGETED_DEVICE_FAMILY = "1,2";
			};
			name = Debug;
		};
		9DB6987D1ABB38A9009C3283 /* Release */ = {
			isa = XCBuildConfiguration;
			buildSettings = {
				ALWAYS_SEARCH_USER_PATHS = NO;
				CLANG_CXX_LANGUAGE_STANDARD = "gnu++0x";
				CLANG_CXX_LIBRARY = "libc++";
				CLANG_ENABLE_MODULES = YES;
				CLANG_ENABLE_OBJC_ARC = YES;
				CLANG_WARN_BOOL_CONVERSION = YES;
				CLANG_WARN_CONSTANT_CONVERSION = YES;
				CLANG_WARN_DIRECT_OBJC_ISA_USAGE = YES_ERROR;
				CLANG_WARN_EMPTY_BODY = YES;
				CLANG_WARN_ENUM_CONVERSION = YES;
				CLANG_WARN_INT_CONVERSION = YES;
				CLANG_WARN_OBJC_ROOT_CLASS = YES_ERROR;
				CLANG_WARN_UNREACHABLE_CODE = YES;
				CLANG_WARN__DUPLICATE_METHOD_MATCH = YES;
				"CODE_SIGN_IDENTITY[sdk=iphoneos*]" = "iPhone Developer";
				COPY_PHASE_STRIP = YES;
				ENABLE_NS_ASSERTIONS = NO;
				ENABLE_STRICT_OBJC_MSGSEND = YES;
				GCC_C_LANGUAGE_STANDARD = gnu99;
				GCC_WARN_64_TO_32_BIT_CONVERSION = YES;
				GCC_WARN_ABOUT_RETURN_TYPE = YES_ERROR;
				GCC_WARN_UNDECLARED_SELECTOR = YES;
				GCC_WARN_UNINITIALIZED_AUTOS = YES_AGGRESSIVE;
				GCC_WARN_UNUSED_FUNCTION = YES;
				GCC_WARN_UNUSED_VARIABLE = YES;
				IPHONEOS_DEPLOYMENT_TARGET = 8.1;
				MTL_ENABLE_DEBUG_INFO = NO;
				SDKROOT = iphoneos;
				TARGETED_DEVICE_FAMILY = "1,2";
				VALIDATE_PRODUCT = YES;
			};
			name = Release;
		};
		9DB6987F1ABB38A9009C3283 /* Debug */ = {
			isa = XCBuildConfiguration;
			baseConfigurationReference = 6E17B7A7533FA3D6E6C326CE /* Pods.debug.xcconfig */;
			buildSettings = {
				ASSETCATALOG_COMPILER_APPICON_NAME = AppIcon;
				INFOPLIST_FILE = OneMovie/Info.plist;
				IPHONEOS_DEPLOYMENT_TARGET = 8.0;
				LD_RUNPATH_SEARCH_PATHS = "$(inherited) @executable_path/Frameworks";
				PRODUCT_NAME = "$(TARGET_NAME)";
			};
			name = Debug;
		};
		9DB698801ABB38A9009C3283 /* Release */ = {
			isa = XCBuildConfiguration;
			baseConfigurationReference = DC26DA788150665D3AB319B6 /* Pods.release.xcconfig */;
			buildSettings = {
				ASSETCATALOG_COMPILER_APPICON_NAME = AppIcon;
				INFOPLIST_FILE = OneMovie/Info.plist;
				IPHONEOS_DEPLOYMENT_TARGET = 8.0;
				LD_RUNPATH_SEARCH_PATHS = "$(inherited) @executable_path/Frameworks";
				PRODUCT_NAME = "$(TARGET_NAME)";
			};
			name = Release;
		};
		9DB698821ABB38A9009C3283 /* Debug */ = {
			isa = XCBuildConfiguration;
			buildSettings = {
				BUNDLE_LOADER = "$(TEST_HOST)";
				FRAMEWORK_SEARCH_PATHS = (
					"$(SDKROOT)/Developer/Library/Frameworks",
					"$(inherited)",
				);
				GCC_PREPROCESSOR_DEFINITIONS = (
					"DEBUG=1",
					"$(inherited)",
				);
				INFOPLIST_FILE = OneMovieTests/Info.plist;
				LD_RUNPATH_SEARCH_PATHS = "$(inherited) @executable_path/Frameworks @loader_path/Frameworks";
				PRODUCT_NAME = "$(TARGET_NAME)";
				TEST_HOST = "$(BUILT_PRODUCTS_DIR)/OneMovie.app/OneMovie";
			};
			name = Debug;
		};
		9DB698831ABB38A9009C3283 /* Release */ = {
			isa = XCBuildConfiguration;
			buildSettings = {
				BUNDLE_LOADER = "$(TEST_HOST)";
				FRAMEWORK_SEARCH_PATHS = (
					"$(SDKROOT)/Developer/Library/Frameworks",
					"$(inherited)",
				);
				INFOPLIST_FILE = OneMovieTests/Info.plist;
				LD_RUNPATH_SEARCH_PATHS = "$(inherited) @executable_path/Frameworks @loader_path/Frameworks";
				PRODUCT_NAME = "$(TARGET_NAME)";
				TEST_HOST = "$(BUILT_PRODUCTS_DIR)/OneMovie.app/OneMovie";
			};
			name = Release;
		};
/* End XCBuildConfiguration section */

/* Begin XCConfigurationList section */
		9DB698561ABB38A9009C3283 /* Build configuration list for PBXProject "OneMovie" */ = {
			isa = XCConfigurationList;
			buildConfigurations = (
				9DB6987C1ABB38A9009C3283 /* Debug */,
				9DB6987D1ABB38A9009C3283 /* Release */,
			);
			defaultConfigurationIsVisible = 0;
			defaultConfigurationName = Release;
		};
		9DB6987E1ABB38A9009C3283 /* Build configuration list for PBXNativeTarget "OneMovie" */ = {
			isa = XCConfigurationList;
			buildConfigurations = (
				9DB6987F1ABB38A9009C3283 /* Debug */,
				9DB698801ABB38A9009C3283 /* Release */,
			);
			defaultConfigurationIsVisible = 0;
			defaultConfigurationName = Release;
		};
		9DB698811ABB38A9009C3283 /* Build configuration list for PBXNativeTarget "OneMovieTests" */ = {
			isa = XCConfigurationList;
			buildConfigurations = (
				9DB698821ABB38A9009C3283 /* Debug */,
				9DB698831ABB38A9009C3283 /* Release */,
			);
			defaultConfigurationIsVisible = 0;
			defaultConfigurationName = Release;
		};
/* End XCConfigurationList section */
	};
	rootObject = 9DB698531ABB38A9009C3283 /* Project object */;
}
